
Microsoft Visual Studio Solution File, Format Version 12.00
# Visual Studio 15
VisualStudioVersion = 15.0.27130.2010
MinimumVisualStudioVersion = 10.0.40219.1
Project("{9A19103F-16F7-4668-BE54-9A1E7A4F7556}") = "EWN_IdentityServer", "EWN_IdentityServer\EWN_IdentityServer.csproj", "{0392FFD9-E4E7-4AEF-9338-A6EFC006FED9}"
EndProject
Global
	GlobalSection(SolutionConfigurationPlatforms) = preSolution
		Debug|Any CPU = Debug|Any CPU
		Release|Any CPU = Release|Any CPU
	EndGlobalSection
	GlobalSection(ProjectConfigurationPlatforms) = postSolution
		{0392FFD9-E4E7-4AEF-9338-A6EFC006FED9}.Debug|Any CPU.ActiveCfg = Debug|Any CPU
		{0392FFD9-E4E7-4AEF-9338-A6EFC006FED9}.Debug|Any CPU.Build.0 = Debug|Any CPU
		{0392FFD9-E4E7-4AEF-9338-A6EFC006FED9}.Release|Any CPU.ActiveCfg = Release|Any CPU
		{0392FFD9-E4E7-4AEF-9338-A6EFC006FED9}.Release|Any CPU.Build.0 = Release|Any CPU
	EndGlobalSection
	GlobalSection(SolutionProperties) = preSolution
		HideSolutionNode = FALSE
	EndGlobalSection
	GlobalSection(ExtensibilityGlobals) = postSolution
		SolutionGuid = {D95A4A1B-457D-4726-B94B-8695890AD074}
	EndGlobalSection
EndGlobal
