
Microsoft Visual Studio Solution File, Format Version 12.00
# Visual Studio 15
VisualStudioVersion = 15.0.27130.2027
MinimumVisualStudioVersion = 10.0.40219.1
Project("{9A19103F-16F7-4668-BE54-9A1E7A4F7556}") = "JsonWebToken_WebApi", "JsonWebToken_WebApi\JsonWebToken_WebApi.csproj", "{3532AD2E-B501-4EDF-A941-3C17D1A4798E}"
EndProject
Project("{FAE04EC0-301F-11D3-BF4B-00C04F79EFBC}") = "JWTTests", "JWTTests\JWTTests.csproj", "{A6E6B674-DC3D-4A3F-97E0-8F667CBF56AA}"
EndProject
Global
	GlobalSection(SolutionConfigurationPlatforms) = preSolution
		Debug|Any CPU = Debug|Any CPU
		Release|Any CPU = Release|Any CPU
	EndGlobalSection
	GlobalSection(ProjectConfigurationPlatforms) = postSolution
		{3532AD2E-B501-4EDF-A941-3C17D1A4798E}.Debug|Any CPU.ActiveCfg = Debug|Any CPU
		{3532AD2E-B501-4EDF-A941-3C17D1A4798E}.Debug|Any CPU.Build.0 = Debug|Any CPU
		{3532AD2E-B501-4EDF-A941-3C17D1A4798E}.Release|Any CPU.ActiveCfg = Release|Any CPU
		{3532AD2E-B501-4EDF-A941-3C17D1A4798E}.Release|Any CPU.Build.0 = Release|Any CPU
		{A6E6B674-DC3D-4A3F-97E0-8F667CBF56AA}.Debug|Any CPU.ActiveCfg = Debug|Any CPU
		{A6E6B674-DC3D-4A3F-97E0-8F667CBF56AA}.Debug|Any CPU.Build.0 = Debug|Any CPU
		{A6E6B674-DC3D-4A3F-97E0-8F667CBF56AA}.Release|Any CPU.ActiveCfg = Release|Any CPU
		{A6E6B674-DC3D-4A3F-97E0-8F667CBF56AA}.Release|Any CPU.Build.0 = Release|Any CPU
	EndGlobalSection
	GlobalSection(SolutionProperties) = preSolution
		HideSolutionNode = FALSE
	EndGlobalSection
	GlobalSection(ExtensibilityGlobals) = postSolution
		SolutionGuid = {379F586B-719C-4201-A631-8154DC70B653}
	EndGlobalSection
EndGlobal
